// !$*UTF8*$!
{
	archiveVersion = 1;
	classes = {
	};
	objectVersion = 55;
	objects = {

/* Begin PBXBuildFile section */
		3A3D73E6280981180018E453 /* UserHelper.swift in Sources */ = {isa = PBXBuildFile; fileRef = 3A3D73E5280981180018E453 /* UserHelper.swift */; };
		3A4A789A280E11E400E2037D /* TransactionCell.swift in Sources */ = {isa = PBXBuildFile; fileRef = 3A4A7898280E11E400E2037D /* TransactionCell.swift */; };
		3A4A789B280E11E400E2037D /* TransactionCell.xib in Resources */ = {isa = PBXBuildFile; fileRef = 3A4A7899280E11E400E2037D /* TransactionCell.xib */; };
		3A63B15F27FBA4D300A73B60 /* DropDownCell.swift in Sources */ = {isa = PBXBuildFile; fileRef = 3A63B15D27FBA4D300A73B60 /* DropDownCell.swift */; };
		3A7082E627FF8B8E00990D0E /* HomeViewController.swift in Sources */ = {isa = PBXBuildFile; fileRef = 3A7082E527FF8B8E00990D0E /* HomeViewController.swift */; };
		3A7082E827FF8BFE00990D0E /* LoginViewController.swift in Sources */ = {isa = PBXBuildFile; fileRef = 3A7082E727FF8BFE00990D0E /* LoginViewController.swift */; };
		3A7082EA27FF8C1D00990D0E /* RegisterViewController.swift in Sources */ = {isa = PBXBuildFile; fileRef = 3A7082E927FF8C1C00990D0E /* RegisterViewController.swift */; };
		3A7082EC27FF8C3100990D0E /* LandingViewController.swift in Sources */ = {isa = PBXBuildFile; fileRef = 3A7082EB27FF8C3100990D0E /* LandingViewController.swift */; };
		3A84D72F2800A36500F3BD1F /* GoogleService-Info.plist in Resources */ = {isa = PBXBuildFile; fileRef = 3A84D72E2800A36500F3BD1F /* GoogleService-Info.plist */; };
		3A84D7322800A3A100F3BD1F /* FirebaseAuth in Frameworks */ = {isa = PBXBuildFile; productRef = 3A84D7312800A3A100F3BD1F /* FirebaseAuth */; };
		3A84D7342800A3A100F3BD1F /* FirebaseFirestore in Frameworks */ = {isa = PBXBuildFile; productRef = 3A84D7332800A3A100F3BD1F /* FirebaseFirestore */; };
		3A84D7362800A40500F3BD1F /* Constants.swift in Sources */ = {isa = PBXBuildFile; fileRef = 3A84D7352800A40400F3BD1F /* Constants.swift */; };
		3A84D73E28020CCB00F3BD1F /* TransactionsViewController.swift in Sources */ = {isa = PBXBuildFile; fileRef = 3A84D73D28020CCB00F3BD1F /* TransactionsViewController.swift */; };
		3A876C7B2812D10400215965 /* DateHelper.swift in Sources */ = {isa = PBXBuildFile; fileRef = 3A876C7A2812D10400215965 /* DateHelper.swift */; };
		3A88871127F1D7E000D7E184 /* AppDelegate.swift in Sources */ = {isa = PBXBuildFile; fileRef = 3A88871027F1D7E000D7E184 /* AppDelegate.swift */; };
		3A88871327F1D7E000D7E184 /* SceneDelegate.swift in Sources */ = {isa = PBXBuildFile; fileRef = 3A88871227F1D7E000D7E184 /* SceneDelegate.swift */; };
		3A88871527F1D7E000D7E184 /* AddTransactionsViewController.swift in Sources */ = {isa = PBXBuildFile; fileRef = 3A88871427F1D7E000D7E184 /* AddTransactionsViewController.swift */; };
		3A88871827F1D7E000D7E184 /* Main.storyboard in Resources */ = {isa = PBXBuildFile; fileRef = 3A88871627F1D7E000D7E184 /* Main.storyboard */; };
		3A88871A27F1D7E200D7E184 /* Assets.xcassets in Resources */ = {isa = PBXBuildFile; fileRef = 3A88871927F1D7E200D7E184 /* Assets.xcassets */; };
		3A88871D27F1D7E200D7E184 /* LaunchScreen.storyboard in Resources */ = {isa = PBXBuildFile; fileRef = 3A88871B27F1D7E200D7E184 /* LaunchScreen.storyboard */; };
		3A88874C27F8D04500D7E184 /* Transaction.swift in Sources */ = {isa = PBXBuildFile; fileRef = 3A88874B27F8D04500D7E184 /* Transaction.swift */; };
		3AA2154C280B3AC5006826D3 /* DateFormatChanger.swift in Sources */ = {isa = PBXBuildFile; fileRef = 3AA2154B280B3AC5006826D3 /* DateFormatChanger.swift */; };
		508C703108D55D7247F6A302 /* Pods_Finca.framework in Frameworks */ = {isa = PBXBuildFile; fileRef = 5577D8B3ADF18137853B4A21 /* Pods_Finca.framework */; };
/* End PBXBuildFile section */

/* Begin PBXFileReference section */
		05575D94FA74F82FC8BE88E7 /* Pods-Finca.release.xcconfig */ = {isa = PBXFileReference; includeInIndex = 1; lastKnownFileType = text.xcconfig; name = "Pods-Finca.release.xcconfig"; path = "Target Support Files/Pods-Finca/Pods-Finca.release.xcconfig"; sourceTree = "<group>"; };
		3A3D73E5280981180018E453 /* UserHelper.swift */ = {isa = PBXFileReference; lastKnownFileType = sourcecode.swift; path = UserHelper.swift; sourceTree = "<group>"; };
		3A4A7898280E11E400E2037D /* TransactionCell.swift */ = {isa = PBXFileReference; lastKnownFileType = sourcecode.swift; name = TransactionCell.swift; path = ../TransactionCell.swift; sourceTree = "<group>"; };
		3A4A7899280E11E400E2037D /* TransactionCell.xib */ = {isa = PBXFileReference; lastKnownFileType = file.xib; name = TransactionCell.xib; path = ../TransactionCell.xib; sourceTree = "<group>"; };
		3A63B15D27FBA4D300A73B60 /* DropDownCell.swift */ = {isa = PBXFileReference; lastKnownFileType = sourcecode.swift; path = DropDownCell.swift; sourceTree = "<group>"; };
		3A7082E527FF8B8E00990D0E /* HomeViewController.swift */ = {isa = PBXFileReference; lastKnownFileType = sourcecode.swift; path = HomeViewController.swift; sourceTree = "<group>"; };
		3A7082E727FF8BFE00990D0E /* LoginViewController.swift */ = {isa = PBXFileReference; lastKnownFileType = sourcecode.swift; path = LoginViewController.swift; sourceTree = "<group>"; };
		3A7082E927FF8C1C00990D0E /* RegisterViewController.swift */ = {isa = PBXFileReference; lastKnownFileType = sourcecode.swift; path = RegisterViewController.swift; sourceTree = "<group>"; };
		3A7082EB27FF8C3100990D0E /* LandingViewController.swift */ = {isa = PBXFileReference; lastKnownFileType = sourcecode.swift; path = LandingViewController.swift; sourceTree = "<group>"; };
		3A84D72E2800A36500F3BD1F /* GoogleService-Info.plist */ = {isa = PBXFileReference; fileEncoding = 4; lastKnownFileType = text.plist.xml; path = "GoogleService-Info.plist"; sourceTree = "<group>"; };
		3A84D7352800A40400F3BD1F /* Constants.swift */ = {isa = PBXFileReference; lastKnownFileType = sourcecode.swift; path = Constants.swift; sourceTree = "<group>"; };
		3A84D73D28020CCB00F3BD1F /* TransactionsViewController.swift */ = {isa = PBXFileReference; lastKnownFileType = sourcecode.swift; path = TransactionsViewController.swift; sourceTree = "<group>"; };
		3A876C7A2812D10400215965 /* DateHelper.swift */ = {isa = PBXFileReference; lastKnownFileType = sourcecode.swift; path = DateHelper.swift; sourceTree = "<group>"; };
		3A88870D27F1D7E000D7E184 /* Finca.app */ = {isa = PBXFileReference; explicitFileType = wrapper.application; includeInIndex = 0; path = Finca.app; sourceTree = BUILT_PRODUCTS_DIR; };
		3A88871027F1D7E000D7E184 /* AppDelegate.swift */ = {isa = PBXFileReference; lastKnownFileType = sourcecode.swift; path = AppDelegate.swift; sourceTree = "<group>"; };
		3A88871227F1D7E000D7E184 /* SceneDelegate.swift */ = {isa = PBXFileReference; lastKnownFileType = sourcecode.swift; path = SceneDelegate.swift; sourceTree = "<group>"; };
		3A88871427F1D7E000D7E184 /* AddTransactionsViewController.swift */ = {isa = PBXFileReference; lastKnownFileType = sourcecode.swift; path = AddTransactionsViewController.swift; sourceTree = "<group>"; };
		3A88871727F1D7E000D7E184 /* Base */ = {isa = PBXFileReference; lastKnownFileType = file.storyboard; name = Base; path = Base.lproj/Main.storyboard; sourceTree = "<group>"; };
		3A88871927F1D7E200D7E184 /* Assets.xcassets */ = {isa = PBXFileReference; lastKnownFileType = folder.assetcatalog; path = Assets.xcassets; sourceTree = "<group>"; };
		3A88871C27F1D7E200D7E184 /* Base */ = {isa = PBXFileReference; lastKnownFileType = file.storyboard; name = Base; path = Base.lproj/LaunchScreen.storyboard; sourceTree = "<group>"; };
		3A88871E27F1D7E200D7E184 /* Info.plist */ = {isa = PBXFileReference; lastKnownFileType = text.plist.xml; path = Info.plist; sourceTree = "<group>"; };
		3A88874B27F8D04500D7E184 /* Transaction.swift */ = {isa = PBXFileReference; lastKnownFileType = sourcecode.swift; path = Transaction.swift; sourceTree = "<group>"; };
		3AA2154B280B3AC5006826D3 /* DateFormatChanger.swift */ = {isa = PBXFileReference; lastKnownFileType = sourcecode.swift; path = DateFormatChanger.swift; sourceTree = "<group>"; };
		5577D8B3ADF18137853B4A21 /* Pods_Finca.framework */ = {isa = PBXFileReference; explicitFileType = wrapper.framework; includeInIndex = 0; path = Pods_Finca.framework; sourceTree = BUILT_PRODUCTS_DIR; };
		5D82E2255FCAD12DC5AF8D2C /* Pods-Finca.debug.xcconfig */ = {isa = PBXFileReference; includeInIndex = 1; lastKnownFileType = text.xcconfig; name = "Pods-Finca.debug.xcconfig"; path = "Target Support Files/Pods-Finca/Pods-Finca.debug.xcconfig"; sourceTree = "<group>"; };
/* End PBXFileReference section */

/* Begin PBXFrameworksBuildPhase section */
		3A88870A27F1D7E000D7E184 /* Frameworks */ = {
			isa = PBXFrameworksBuildPhase;
			buildActionMask = 2147483647;
			files = (
				508C703108D55D7247F6A302 /* Pods_Finca.framework in Frameworks */,
				3A84D7322800A3A100F3BD1F /* FirebaseAuth in Frameworks */,
				3A84D7342800A3A100F3BD1F /* FirebaseFirestore in Frameworks */,
			);
			runOnlyForDeploymentPostprocessing = 0;
		};
/* End PBXFrameworksBuildPhase section */

/* Begin PBXGroup section */
		3A88870427F1D7E000D7E184 = {
			isa = PBXGroup;
			children = (
				3A84D72E2800A36500F3BD1F /* GoogleService-Info.plist */,
				3A88870F27F1D7E000D7E184 /* Finca */,
				3A88870E27F1D7E000D7E184 /* Products */,
				BB4D11347AFB12AFA981B85E /* Pods */,
				ABD70779FDE48D09B3452625 /* Frameworks */,
			);
			sourceTree = "<group>";
		};
		3A88870E27F1D7E000D7E184 /* Products */ = {
			isa = PBXGroup;
			children = (
				3A88870D27F1D7E000D7E184 /* Finca.app */,
			);
			name = Products;
			sourceTree = "<group>";
		};
		3A88870F27F1D7E000D7E184 /* Finca */ = {
			isa = PBXGroup;
			children = (
				3A88872627F1D7FE00D7E184 /* Models */,
				3A88872527F1D7FB00D7E184 /* Views */,
				3A88872427F1D7F700D7E184 /* Controllers */,
				3A88871027F1D7E000D7E184 /* AppDelegate.swift */,
				3A88871227F1D7E000D7E184 /* SceneDelegate.swift */,
				3A88871927F1D7E200D7E184 /* Assets.xcassets */,
				3A88871B27F1D7E200D7E184 /* LaunchScreen.storyboard */,
				3A88871E27F1D7E200D7E184 /* Info.plist */,
				3A84D7352800A40400F3BD1F /* Constants.swift */,
			);
			path = Finca;
			sourceTree = "<group>";
		};
		3A88872427F1D7F700D7E184 /* Controllers */ = {
			isa = PBXGroup;
			children = (
				3A4A7898280E11E400E2037D /* TransactionCell.swift */,
				3A63B15D27FBA4D300A73B60 /* DropDownCell.swift */,
				3A88871427F1D7E000D7E184 /* AddTransactionsViewController.swift */,
				3A7082E527FF8B8E00990D0E /* HomeViewController.swift */,
				3A7082E727FF8BFE00990D0E /* LoginViewController.swift */,
				3A7082E927FF8C1C00990D0E /* RegisterViewController.swift */,
				3A7082EB27FF8C3100990D0E /* LandingViewController.swift */,
				3A84D73D28020CCB00F3BD1F /* TransactionsViewController.swift */,
			);
			path = Controllers;
			sourceTree = "<group>";
		};
		3A88872527F1D7FB00D7E184 /* Views */ = {
			isa = PBXGroup;
			children = (
				3A4A7899280E11E400E2037D /* TransactionCell.xib */,
				3A88871627F1D7E000D7E184 /* Main.storyboard */,
			);
			path = Views;
			sourceTree = "<group>";
		};
		3A88872627F1D7FE00D7E184 /* Models */ = {
			isa = PBXGroup;
			children = (
				3A88874B27F8D04500D7E184 /* Transaction.swift */,
				3A3D73E5280981180018E453 /* UserHelper.swift */,
				3AA2154B280B3AC5006826D3 /* DateFormatChanger.swift */,
				3A876C7A2812D10400215965 /* DateHelper.swift */,
			);
			path = Models;
			sourceTree = "<group>";
		};
		ABD70779FDE48D09B3452625 /* Frameworks */ = {
			isa = PBXGroup;
			children = (
				5577D8B3ADF18137853B4A21 /* Pods_Finca.framework */,
			);
			name = Frameworks;
			sourceTree = "<group>";
		};
		BB4D11347AFB12AFA981B85E /* Pods */ = {
			isa = PBXGroup;
			children = (
				5D82E2255FCAD12DC5AF8D2C /* Pods-Finca.debug.xcconfig */,
				05575D94FA74F82FC8BE88E7 /* Pods-Finca.release.xcconfig */,
			);
			path = Pods;
			sourceTree = "<group>";
		};
/* End PBXGroup section */

/* Begin PBXNativeTarget section */
		3A88870C27F1D7E000D7E184 /* Finca */ = {
			isa = PBXNativeTarget;
			buildConfigurationList = 3A88872127F1D7E200D7E184 /* Build configuration list for PBXNativeTarget "Finca" */;
			buildPhases = (
				EAB10F886808E469334BD6C2 /* [CP] Check Pods Manifest.lock */,
				3A88870927F1D7E000D7E184 /* Sources */,
				3A88870A27F1D7E000D7E184 /* Frameworks */,
				3A88870B27F1D7E000D7E184 /* Resources */,
				EDE60CDE2E195DB25DA890E3 /* [CP] Embed Pods Frameworks */,
			);
			buildRules = (
			);
			dependencies = (
			);
			name = Finca;
			packageProductDependencies = (
				3A84D7312800A3A100F3BD1F /* FirebaseAuth */,
				3A84D7332800A3A100F3BD1F /* FirebaseFirestore */,
			);
			productName = Finca;
			productReference = 3A88870D27F1D7E000D7E184 /* Finca.app */;
			productType = "com.apple.product-type.application";
		};
/* End PBXNativeTarget section */

/* Begin PBXProject section */
		3A88870527F1D7E000D7E184 /* Project object */ = {
			isa = PBXProject;
			attributes = {
				BuildIndependentTargetsInParallel = 1;
				LastSwiftUpdateCheck = 1330;
				LastUpgradeCheck = 1330;
				TargetAttributes = {
					3A88870C27F1D7E000D7E184 = {
						CreatedOnToolsVersion = 13.3;
					};
				};
			};
			buildConfigurationList = 3A88870827F1D7E000D7E184 /* Build configuration list for PBXProject "Finca" */;
			compatibilityVersion = "Xcode 13.0";
			developmentRegion = en;
			hasScannedForEncodings = 0;
			knownRegions = (
				en,
				Base,
			);
			mainGroup = 3A88870427F1D7E000D7E184;
			packageReferences = (
				3A84D7302800A3A100F3BD1F /* XCRemoteSwiftPackageReference "firebase-ios-sdk" */,
			);
			productRefGroup = 3A88870E27F1D7E000D7E184 /* Products */;
			projectDirPath = "";
			projectRoot = "";
			targets = (
				3A88870C27F1D7E000D7E184 /* Finca */,
			);
		};
/* End PBXProject section */

/* Begin PBXResourcesBuildPhase section */
		3A88870B27F1D7E000D7E184 /* Resources */ = {
			isa = PBXResourcesBuildPhase;
			buildActionMask = 2147483647;
			files = (
				3A88871D27F1D7E200D7E184 /* LaunchScreen.storyboard in Resources */,
				3A88871A27F1D7E200D7E184 /* Assets.xcassets in Resources */,
				3A84D72F2800A36500F3BD1F /* GoogleService-Info.plist in Resources */,
				3A88871827F1D7E000D7E184 /* Main.storyboard in Resources */,
				3A4A789B280E11E400E2037D /* TransactionCell.xib in Resources */,
			);
			runOnlyForDeploymentPostprocessing = 0;
		};
/* End PBXResourcesBuildPhase section */

/* Begin PBXShellScriptBuildPhase section */
		EAB10F886808E469334BD6C2 /* [CP] Check Pods Manifest.lock */ = {
			isa = PBXShellScriptBuildPhase;
			buildActionMask = 2147483647;
			files = (
			);
			inputFileListPaths = (
			);
			inputPaths = (
				"${PODS_PODFILE_DIR_PATH}/Podfile.lock",
				"${PODS_ROOT}/Manifest.lock",
			);
			name = "[CP] Check Pods Manifest.lock";
			outputFileListPaths = (
			);
			outputPaths = (
				"$(DERIVED_FILE_DIR)/Pods-Finca-checkManifestLockResult.txt",
			);
			runOnlyForDeploymentPostprocessing = 0;
			shellPath = /bin/sh;
			shellScript = "diff \"${PODS_PODFILE_DIR_PATH}/Podfile.lock\" \"${PODS_ROOT}/Manifest.lock\" > /dev/null\nif [ $? != 0 ] ; then\n    # print error to STDERR\n    echo \"error: The sandbox is not in sync with the Podfile.lock. Run 'pod install' or update your CocoaPods installation.\" >&2\n    exit 1\nfi\n# This output is used by Xcode 'outputs' to avoid re-running this script phase.\necho \"SUCCESS\" > \"${SCRIPT_OUTPUT_FILE_0}\"\n";
			showEnvVarsInLog = 0;
		};
		EDE60CDE2E195DB25DA890E3 /* [CP] Embed Pods Frameworks */ = {
			isa = PBXShellScriptBuildPhase;
			buildActionMask = 2147483647;
			files = (
			);
			inputFileListPaths = (
				"${PODS_ROOT}/Target Support Files/Pods-Finca/Pods-Finca-frameworks-${CONFIGURATION}-input-files.xcfilelist",
			);
			name = "[CP] Embed Pods Frameworks";
			outputFileListPaths = (
				"${PODS_ROOT}/Target Support Files/Pods-Finca/Pods-Finca-frameworks-${CONFIGURATION}-output-files.xcfilelist",
			);
			runOnlyForDeploymentPostprocessing = 0;
			shellPath = /bin/sh;
			shellScript = "\"${PODS_ROOT}/Target Support Files/Pods-Finca/Pods-Finca-frameworks.sh\"\n";
			showEnvVarsInLog = 0;
		};
/* End PBXShellScriptBuildPhase section */

/* Begin PBXSourcesBuildPhase section */
		3A88870927F1D7E000D7E184 /* Sources */ = {
			isa = PBXSourcesBuildPhase;
			buildActionMask = 2147483647;
			files = (
				3A876C7B2812D10400215965 /* DateHelper.swift in Sources */,
				3A4A789A280E11E400E2037D /* TransactionCell.swift in Sources */,
				3A7082E827FF8BFE00990D0E /* LoginViewController.swift in Sources */,
				3A88871527F1D7E000D7E184 /* AddTransactionsViewController.swift in Sources */,
				3A63B15F27FBA4D300A73B60 /* DropDownCell.swift in Sources */,
				3A84D73E28020CCB00F3BD1F /* TransactionsViewController.swift in Sources */,
				3AA2154C280B3AC5006826D3 /* DateFormatChanger.swift in Sources */,
				3A7082EA27FF8C1D00990D0E /* RegisterViewController.swift in Sources */,
				3A88871127F1D7E000D7E184 /* AppDelegate.swift in Sources */,
				3A3D73E6280981180018E453 /* UserHelper.swift in Sources */,
				3A84D7362800A40500F3BD1F /* Constants.swift in Sources */,
				3A88871327F1D7E000D7E184 /* SceneDelegate.swift in Sources */,
				3A88874C27F8D04500D7E184 /* Transaction.swift in Sources */,
				3A7082EC27FF8C3100990D0E /* LandingViewController.swift in Sources */,
				3A7082E627FF8B8E00990D0E /* HomeViewController.swift in Sources */,
			);
			runOnlyForDeploymentPostprocessing = 0;
		};
/* End PBXSourcesBuildPhase section */

/* Begin PBXVariantGroup section */
		3A88871627F1D7E000D7E184 /* Main.storyboard */ = {
			isa = PBXVariantGroup;
			children = (
				3A88871727F1D7E000D7E184 /* Base */,
			);
			name = Main.storyboard;
			sourceTree = "<group>";
		};
		3A88871B27F1D7E200D7E184 /* LaunchScreen.storyboard */ = {
			isa = PBXVariantGroup;
			children = (
				3A88871C27F1D7E200D7E184 /* Base */,
			);
			name = LaunchScreen.storyboard;
			sourceTree = "<group>";
		};
/* End PBXVariantGroup section */

/* Begin XCBuildConfiguration section */
		3A88871F27F1D7E200D7E184 /* Debug */ = {
			isa = XCBuildConfiguration;
			buildSettings = {
				ALWAYS_SEARCH_USER_PATHS = NO;
				CLANG_ANALYZER_NONNULL = YES;
				CLANG_ANALYZER_NUMBER_OBJECT_CONVERSION = YES_AGGRESSIVE;
				CLANG_CXX_LANGUAGE_STANDARD = "gnu++17";
				CLANG_ENABLE_MODULES = YES;
				CLANG_ENABLE_OBJC_ARC = YES;
				CLANG_ENABLE_OBJC_WEAK = YES;
				CLANG_WARN_BLOCK_CAPTURE_AUTORELEASING = YES;
				CLANG_WARN_BOOL_CONVERSION = YES;
				CLANG_WARN_COMMA = YES;
				CLANG_WARN_CONSTANT_CONVERSION = YES;
				CLANG_WARN_DEPRECATED_OBJC_IMPLEMENTATIONS = YES;
				CLANG_WARN_DIRECT_OBJC_ISA_USAGE = YES_ERROR;
				CLANG_WARN_DOCUMENTATION_COMMENTS = YES;
				CLANG_WARN_EMPTY_BODY = YES;
				CLANG_WARN_ENUM_CONVERSION = YES;
				CLANG_WARN_INFINITE_RECURSION = YES;
				CLANG_WARN_INT_CONVERSION = YES;
				CLANG_WARN_NON_LITERAL_NULL_CONVERSION = YES;
				CLANG_WARN_OBJC_IMPLICIT_RETAIN_SELF = YES;
				CLANG_WARN_OBJC_LITERAL_CONVERSION = YES;
				CLANG_WARN_OBJC_ROOT_CLASS = YES_ERROR;
				CLANG_WARN_QUOTED_INCLUDE_IN_FRAMEWORK_HEADER = YES;
				CLANG_WARN_RANGE_LOOP_ANALYSIS = YES;
				CLANG_WARN_STRICT_PROTOTYPES = YES;
				CLANG_WARN_SUSPICIOUS_MOVE = YES;
				CLANG_WARN_UNGUARDED_AVAILABILITY = YES_AGGRESSIVE;
				CLANG_WARN_UNREACHABLE_CODE = YES;
				CLANG_WARN__DUPLICATE_METHOD_MATCH = YES;
				COPY_PHASE_STRIP = NO;
				DEBUG_INFORMATION_FORMAT = dwarf;
				ENABLE_STRICT_OBJC_MSGSEND = YES;
				ENABLE_TESTABILITY = YES;
				GCC_C_LANGUAGE_STANDARD = gnu11;
				GCC_DYNAMIC_NO_PIC = NO;
				GCC_NO_COMMON_BLOCKS = YES;
				GCC_OPTIMIZATION_LEVEL = 0;
				GCC_PREPROCESSOR_DEFINITIONS = (
					"DEBUG=1",
					"$(inherited)",
				);
				GCC_WARN_64_TO_32_BIT_CONVERSION = YES;
				GCC_WARN_ABOUT_RETURN_TYPE = YES_ERROR;
				GCC_WARN_UNDECLARED_SELECTOR = YES;
				GCC_WARN_UNINITIALIZED_AUTOS = YES_AGGRESSIVE;
				GCC_WARN_UNUSED_FUNCTION = YES;
				GCC_WARN_UNUSED_VARIABLE = YES;
				IPHONEOS_DEPLOYMENT_TARGET = 15.4;
				MTL_ENABLE_DEBUG_INFO = INCLUDE_SOURCE;
				MTL_FAST_MATH = YES;
				ONLY_ACTIVE_ARCH = YES;
				SDKROOT = iphoneos;
				SWIFT_ACTIVE_COMPILATION_CONDITIONS = DEBUG;
				SWIFT_OPTIMIZATION_LEVEL = "-Onone";
			};
			name = Debug;
		};
		3A88872027F1D7E200D7E184 /* Release */ = {
			isa = XCBuildConfiguration;
			buildSettings = {
				ALWAYS_SEARCH_USER_PATHS = NO;
				CLANG_ANALYZER_NONNULL = YES;
				CLANG_ANALYZER_NUMBER_OBJECT_CONVERSION = YES_AGGRESSIVE;
				CLANG_CXX_LANGUAGE_STANDARD = "gnu++17";
				CLANG_ENABLE_MODULES = YES;
				CLANG_ENABLE_OBJC_ARC = YES;
				CLANG_ENABLE_OBJC_WEAK = YES;
				CLANG_WARN_BLOCK_CAPTURE_AUTORELEASING = YES;
				CLANG_WARN_BOOL_CONVERSION = YES;
				CLANG_WARN_COMMA = YES;
				CLANG_WARN_CONSTANT_CONVERSION = YES;
				CLANG_WARN_DEPRECATED_OBJC_IMPLEMENTATIONS = YES;
				CLANG_WARN_DIRECT_OBJC_ISA_USAGE = YES_ERROR;
				CLANG_WARN_DOCUMENTATION_COMMENTS = YES;
				CLANG_WARN_EMPTY_BODY = YES;
				CLANG_WARN_ENUM_CONVERSION = YES;
				CLANG_WARN_INFINITE_RECURSION = YES;
				CLANG_WARN_INT_CONVERSION = YES;
				CLANG_WARN_NON_LITERAL_NULL_CONVERSION = YES;
				CLANG_WARN_OBJC_IMPLICIT_RETAIN_SELF = YES;
				CLANG_WARN_OBJC_LITERAL_CONVERSION = YES;
				CLANG_WARN_OBJC_ROOT_CLASS = YES_ERROR;
				CLANG_WARN_QUOTED_INCLUDE_IN_FRAMEWORK_HEADER = YES;
				CLANG_WARN_RANGE_LOOP_ANALYSIS = YES;
				CLANG_WARN_STRICT_PROTOTYPES = YES;
				CLANG_WARN_SUSPICIOUS_MOVE = YES;
				CLANG_WARN_UNGUARDED_AVAILABILITY = YES_AGGRESSIVE;
				CLANG_WARN_UNREACHABLE_CODE = YES;
				CLANG_WARN__DUPLICATE_METHOD_MATCH = YES;
				COPY_PHASE_STRIP = NO;
				DEBUG_INFORMATION_FORMAT = "dwarf-with-dsym";
				ENABLE_NS_ASSERTIONS = NO;
				ENABLE_STRICT_OBJC_MSGSEND = YES;
				GCC_C_LANGUAGE_STANDARD = gnu11;
				GCC_NO_COMMON_BLOCKS = YES;
				GCC_WARN_64_TO_32_BIT_CONVERSION = YES;
				GCC_WARN_ABOUT_RETURN_TYPE = YES_ERROR;
				GCC_WARN_UNDECLARED_SELECTOR = YES;
				GCC_WARN_UNINITIALIZED_AUTOS = YES_AGGRESSIVE;
				GCC_WARN_UNUSED_FUNCTION = YES;
				GCC_WARN_UNUSED_VARIABLE = YES;
				IPHONEOS_DEPLOYMENT_TARGET = 15.4;
				MTL_ENABLE_DEBUG_INFO = NO;
				MTL_FAST_MATH = YES;
				SDKROOT = iphoneos;
				SWIFT_COMPILATION_MODE = wholemodule;
				SWIFT_OPTIMIZATION_LEVEL = "-O";
				VALIDATE_PRODUCT = YES;
			};
			name = Release;
		};
		3A88872227F1D7E200D7E184 /* Debug */ = {
			isa = XCBuildConfiguration;
			baseConfigurationReference = 5D82E2255FCAD12DC5AF8D2C /* Pods-Finca.debug.xcconfig */;
			buildSettings = {
				ASSETCATALOG_COMPILER_APPICON_NAME = AppIcon;
				ASSETCATALOG_COMPILER_GLOBAL_ACCENT_COLOR_NAME = AccentColor;
				CODE_SIGN_STYLE = Automatic;
				CURRENT_PROJECT_VERSION = 1;
				DEVELOPMENT_TEAM = 7TL674P23U;
				GENERATE_INFOPLIST_FILE = YES;
				INFOPLIST_FILE = Finca/Info.plist;
				INFOPLIST_KEY_UIApplicationSupportsIndirectInputEvents = YES;
				INFOPLIST_KEY_UILaunchStoryboardName = LaunchScreen;
				INFOPLIST_KEY_UIMainStoryboardFile = Main;
				INFOPLIST_KEY_UISupportedInterfaceOrientations = UIInterfaceOrientationPortrait;
				INFOPLIST_KEY_UISupportedInterfaceOrientations_iPad = "UIInterfaceOrientationPortrait UIInterfaceOrientationPortraitUpsideDown UIInterfaceOrientationLandscapeLeft UIInterfaceOrientationLandscapeRight";
				INFOPLIST_KEY_UISupportedInterfaceOrientations_iPhone = "UIInterfaceOrientationPortrait UIInterfaceOrientationLandscapeLeft UIInterfaceOrientationLandscapeRight";
				LD_RUNPATH_SEARCH_PATHS = (
					"$(inherited)",
					"@executable_path/Frameworks",
				);
				MARKETING_VERSION = 1.0;
				PRODUCT_BUNDLE_IDENTIFIER = com.josephsanchez.Finca;
				PRODUCT_NAME = "$(TARGET_NAME)";
				SWIFT_EMIT_LOC_STRINGS = YES;
				SWIFT_VERSION = 5.0;
				TARGETED_DEVICE_FAMILY = "1,2";
			};
			name = Debug;
		};
		3A88872327F1D7E200D7E184 /* Release */ = {
			isa = XCBuildConfiguration;
			baseConfigurationReference = 05575D94FA74F82FC8BE88E7 /* Pods-Finca.release.xcconfig */;
			buildSettings = {
				ASSETCATALOG_COMPILER_APPICON_NAME = AppIcon;
				ASSETCATALOG_COMPILER_GLOBAL_ACCENT_COLOR_NAME = AccentColor;
				CODE_SIGN_STYLE = Automatic;
				CURRENT_PROJECT_VERSION = 1;
				DEVELOPMENT_TEAM = 7TL674P23U;
				GENERATE_INFOPLIST_FILE = YES;
				INFOPLIST_FILE = Finca/Info.plist;
				INFOPLIST_KEY_UIApplicationSupportsIndirectInputEvents = YES;
				INFOPLIST_KEY_UILaunchStoryboardName = LaunchScreen;
				INFOPLIST_KEY_UIMainStoryboardFile = Main;
				INFOPLIST_KEY_UISupportedInterfaceOrientations = UIInterfaceOrientationPortrait;
				INFOPLIST_KEY_UISupportedInterfaceOrientations_iPad = "UIInterfaceOrientationPortrait UIInterfaceOrientationPortraitUpsideDown UIInterfaceOrientationLandscapeLeft UIInterfaceOrientationLandscapeRight";
				INFOPLIST_KEY_UISupportedInterfaceOrientations_iPhone = "UIInterfaceOrientationPortrait UIInterfaceOrientationLandscapeLeft UIInterfaceOrientationLandscapeRight";
				LD_RUNPATH_SEARCH_PATHS = (
					"$(inherited)",
					"@executable_path/Frameworks",
				);
				MARKETING_VERSION = 1.0;
				PRODUCT_BUNDLE_IDENTIFIER = com.josephsanchez.Finca;
				PRODUCT_NAME = "$(TARGET_NAME)";
				SWIFT_EMIT_LOC_STRINGS = YES;
				SWIFT_VERSION = 5.0;
				TARGETED_DEVICE_FAMILY = "1,2";
			};
			name = Release;
		};
/* End XCBuildConfiguration section */

/* Begin XCConfigurationList section */
		3A88870827F1D7E000D7E184 /* Build configuration list for PBXProject "Finca" */ = {
			isa = XCConfigurationList;
			buildConfigurations = (
				3A88871F27F1D7E200D7E184 /* Debug */,
				3A88872027F1D7E200D7E184 /* Release */,
			);
			defaultConfigurationIsVisible = 0;
			defaultConfigurationName = Release;
		};
		3A88872127F1D7E200D7E184 /* Build configuration list for PBXNativeTarget "Finca" */ = {
			isa = XCConfigurationList;
			buildConfigurations = (
				3A88872227F1D7E200D7E184 /* Debug */,
				3A88872327F1D7E200D7E184 /* Release */,
			);
			defaultConfigurationIsVisible = 0;
			defaultConfigurationName = Release;
		};
/* End XCConfigurationList section */

/* Begin XCRemoteSwiftPackageReference section */
		3A84D7302800A3A100F3BD1F /* XCRemoteSwiftPackageReference "firebase-ios-sdk" */ = {
			isa = XCRemoteSwiftPackageReference;
			repositoryURL = "https://github.com/firebase/firebase-ios-sdk";
			requirement = {
				kind = upToNextMajorVersion;
				minimumVersion = 8.0.0;
			};
		};
/* End XCRemoteSwiftPackageReference section */

/* Begin XCSwiftPackageProductDependency section */
		3A84D7312800A3A100F3BD1F /* FirebaseAuth */ = {
			isa = XCSwiftPackageProductDependency;
			package = 3A84D7302800A3A100F3BD1F /* XCRemoteSwiftPackageReference "firebase-ios-sdk" */;
			productName = FirebaseAuth;
		};
		3A84D7332800A3A100F3BD1F /* FirebaseFirestore */ = {
			isa = XCSwiftPackageProductDependency;
			package = 3A84D7302800A3A100F3BD1F /* XCRemoteSwiftPackageReference "firebase-ios-sdk" */;
			productName = FirebaseFirestore;
		};
/* End XCSwiftPackageProductDependency section */
	};
	rootObject = 3A88870527F1D7E000D7E184 /* Project object */;
}
